
Microsoft Visual Studio Solution File, Format Version 12.00
# Visual Studio Version 17
VisualStudioVersion = 17.7.34024.191
MinimumVisualStudioVersion = 10.0.40219.1
Project("{FAE04EC0-301F-11D3-BF4B-00C04F79EFBC}") = "DependencyInjectionASPNETCore", "DependencyInjectionASPNETCore\DependencyInjectionASPNETCore.csproj", "{C38832CD-0B78-4A66-8579-4FE14EE3F3E7}"
EndProject
Global
	GlobalSection(SolutionConfigurationPlatforms) = preSolution
		Debug|Any CPU = Debug|Any CPU
		Release|Any CPU = Release|Any CPU
	EndGlobalSection
	GlobalSection(ProjectConfigurationPlatforms) = postSolution
		{C38832CD-0B78-4A66-8579-4FE14EE3F3E7}.Debug|Any CPU.ActiveCfg = Debug|Any CPU
		{C38832CD-0B78-4A66-8579-4FE14EE3F3E7}.Debug|Any CPU.Build.0 = Debug|Any CPU
		{C38832CD-0B78-4A66-8579-4FE14EE3F3E7}.Release|Any CPU.ActiveCfg = Release|Any CPU
		{C38832CD-0B78-4A66-8579-4FE14EE3F3E7}.Release|Any CPU.Build.0 = Release|Any CPU
	EndGlobalSection
	GlobalSection(SolutionProperties) = preSolution
		HideSolutionNode = FALSE
	EndGlobalSection
	GlobalSection(ExtensibilityGlobals) = postSolution
		SolutionGuid = {2BC0A146-222F-4B97-9087-3DD1B3C85B2F}
	EndGlobalSection
EndGlobal
